{
  "name": "spotify-formatter",
  "version": "1.0.0",
  "lockfileVersion": 2,
  "requires": true,
  "packages": {
    "": {
      "name": "spotify-formatter",
      "version": "1.0.0",
      "devDependencies": {
        "csv-parse": "^5.1.0"
      }
    },
    "node_modules/csv-parse": {
      "version": "5.1.0",
      "resolved": "https://registry.npmjs.org/csv-parse/-/csv-parse-5.1.0.tgz",
      "integrity": "sha512-JL+Q6YEikT2uoe57InjFFa6VejhSv0tDwOxeQ1bVQKeUC/NCnLAAZ8n3PzowPQQLuZ37fysDYZipB2UJkH9C6A==",
      "dev": true
    }
  },
  "dependencies": {
    "csv-parse": {
      "version": "5.1.0",
      "resolved": "https://registry.npmjs.org/csv-parse/-/csv-parse-5.1.0.tgz",
      "integrity": "sha512-JL+Q6YEikT2uoe57InjFFa6VejhSv0tDwOxeQ1bVQKeUC/NCnLAAZ8n3PzowPQQLuZ37fysDYZipB2UJkH9C6A==",
      "dev": true
    }
  }
}
